// !$*UTF8*$!
{
	archiveVersion = 1;
	classes = {
	};
	objectVersion = 50;
	objects = {

/* Begin PBXBuildFile section */
		CA42D4A2210E32D200F3B7F2 /* AppDelegate.swift in Sources */ = {isa = PBXBuildFile; fileRef = CA42D4A1210E32D200F3B7F2 /* AppDelegate.swift */; };
		CA42D4A4210E32D200F3B7F2 /* InitialViewController.swift in Sources */ = {isa = PBXBuildFile; fileRef = CA42D4A3210E32D200F3B7F2 /* InitialViewController.swift */; };
		CA42D4A7210E32D200F3B7F2 /* Main.storyboard in Resources */ = {isa = PBXBuildFile; fileRef = CA42D4A5210E32D200F3B7F2 /* Main.storyboard */; };
		CA42D4A9210E32D700F3B7F2 /* Assets.xcassets in Resources */ = {isa = PBXBuildFile; fileRef = CA42D4A8210E32D700F3B7F2 /* Assets.xcassets */; };
		CA42D4AC210E32D700F3B7F2 /* LaunchScreen.storyboard in Resources */ = {isa = PBXBuildFile; fileRef = CA42D4AA210E32D700F3B7F2 /* LaunchScreen.storyboard */; };
		CA42D4B5210EAF2A00F3B7F2 /* PrincipalCollectionViewController.swift in Sources */ = {isa = PBXBuildFile; fileRef = CA42D4B4210EAF2900F3B7F2 /* PrincipalCollectionViewController.swift */; };
		CA42D4B9210EC02700F3B7F2 /* GradientView.swift in Sources */ = {isa = PBXBuildFile; fileRef = CA42D4B8210EC02700F3B7F2 /* GradientView.swift */; };
		CA42D4BB210EC0DB00F3B7F2 /* PhotoReusableView.swift in Sources */ = {isa = PBXBuildFile; fileRef = CA42D4BA210EC0DB00F3B7F2 /* PhotoReusableView.swift */; };
		CA42D4BD210EC4CF00F3B7F2 /* NewsViewCell.swift in Sources */ = {isa = PBXBuildFile; fileRef = CA42D4BC210EC4CF00F3B7F2 /* NewsViewCell.swift */; };
		CA42D4BF210ED13F00F3B7F2 /* CustomNavigationViewController.swift in Sources */ = {isa = PBXBuildFile; fileRef = CA42D4BE210ED13F00F3B7F2 /* CustomNavigationViewController.swift */; };
/* End PBXBuildFile section */

/* Begin PBXFileReference section */
		CA42D49E210E32D200F3B7F2 /* DiarioMock.app */ = {isa = PBXFileReference; explicitFileType = wrapper.application; includeInIndex = 0; path = DiarioMock.app; sourceTree = BUILT_PRODUCTS_DIR; };
		CA42D4A1210E32D200F3B7F2 /* AppDelegate.swift */ = {isa = PBXFileReference; lastKnownFileType = sourcecode.swift; path = AppDelegate.swift; sourceTree = "<group>"; };
		CA42D4A3210E32D200F3B7F2 /* InitialViewController.swift */ = {isa = PBXFileReference; lastKnownFileType = sourcecode.swift; path = InitialViewController.swift; sourceTree = "<group>"; };
		CA42D4A6210E32D200F3B7F2 /* Base */ = {isa = PBXFileReference; lastKnownFileType = file.storyboard; name = Base; path = Base.lproj/Main.storyboard; sourceTree = "<group>"; };
		CA42D4A8210E32D700F3B7F2 /* Assets.xcassets */ = {isa = PBXFileReference; lastKnownFileType = folder.assetcatalog; path = Assets.xcassets; sourceTree = "<group>"; };
		CA42D4AB210E32D700F3B7F2 /* Base */ = {isa = PBXFileReference; lastKnownFileType = file.storyboard; name = Base; path = Base.lproj/LaunchScreen.storyboard; sourceTree = "<group>"; };
		CA42D4AD210E32D700F3B7F2 /* Info.plist */ = {isa = PBXFileReference; lastKnownFileType = text.plist.xml; path = Info.plist; sourceTree = "<group>"; };
		CA42D4B4210EAF2900F3B7F2 /* PrincipalCollectionViewController.swift */ = {isa = PBXFileReference; lastKnownFileType = sourcecode.swift; path = PrincipalCollectionViewController.swift; sourceTree = "<group>"; };
		CA42D4B8210EC02700F3B7F2 /* GradientView.swift */ = {isa = PBXFileReference; lastKnownFileType = sourcecode.swift; path = GradientView.swift; sourceTree = "<group>"; };
		CA42D4BA210EC0DB00F3B7F2 /* PhotoReusableView.swift */ = {isa = PBXFileReference; lastKnownFileType = sourcecode.swift; path = PhotoReusableView.swift; sourceTree = "<group>"; };
		CA42D4BC210EC4CF00F3B7F2 /* NewsViewCell.swift */ = {isa = PBXFileReference; lastKnownFileType = sourcecode.swift; path = NewsViewCell.swift; sourceTree = "<group>"; };
		CA42D4BE210ED13F00F3B7F2 /* CustomNavigationViewController.swift */ = {isa = PBXFileReference; lastKnownFileType = sourcecode.swift; path = CustomNavigationViewController.swift; sourceTree = "<group>"; };
/* End PBXFileReference section */

/* Begin PBXFrameworksBuildPhase section */
		CA42D49B210E32D200F3B7F2 /* Frameworks */ = {
			isa = PBXFrameworksBuildPhase;
			buildActionMask = 2147483647;
			files = (
			);
			runOnlyForDeploymentPostprocessing = 0;
		};
/* End PBXFrameworksBuildPhase section */

/* Begin PBXGroup section */
		CA42D495210E32D200F3B7F2 = {
			isa = PBXGroup;
			children = (
				CA42D4A0210E32D200F3B7F2 /* DiarioMock */,
				CA42D49F210E32D200F3B7F2 /* Products */,
			);
			sourceTree = "<group>";
		};
		CA42D49F210E32D200F3B7F2 /* Products */ = {
			isa = PBXGroup;
			children = (
				CA42D49E210E32D200F3B7F2 /* DiarioMock.app */,
			);
			name = Products;
			sourceTree = "<group>";
		};
		CA42D4A0210E32D200F3B7F2 /* DiarioMock */ = {
			isa = PBXGroup;
			children = (
				CA42D4B7210EBD2400F3B7F2 /* Layout */,
				CA42D4B6210EBD1B00F3B7F2 /* Views */,
				CA42D4B3210EAEFC00F3B7F2 /* ViewControllers */,
				CA42D4A1210E32D200F3B7F2 /* AppDelegate.swift */,
				CA42D4A5210E32D200F3B7F2 /* Main.storyboard */,
				CA42D4A8210E32D700F3B7F2 /* Assets.xcassets */,
				CA42D4AA210E32D700F3B7F2 /* LaunchScreen.storyboard */,
				CA42D4AD210E32D700F3B7F2 /* Info.plist */,
			);
			path = DiarioMock;
			sourceTree = "<group>";
		};
		CA42D4B3210EAEFC00F3B7F2 /* ViewControllers */ = {
			isa = PBXGroup;
			children = (
				CA42D4A3210E32D200F3B7F2 /* InitialViewController.swift */,
				CA42D4B4210EAF2900F3B7F2 /* PrincipalCollectionViewController.swift */,
				CA42D4BE210ED13F00F3B7F2 /* CustomNavigationViewController.swift */,
			);
			path = ViewControllers;
			sourceTree = "<group>";
		};
		CA42D4B6210EBD1B00F3B7F2 /* Views */ = {
			isa = PBXGroup;
			children = (
				CA42D4B8210EC02700F3B7F2 /* GradientView.swift */,
				CA42D4BA210EC0DB00F3B7F2 /* PhotoReusableView.swift */,
				CA42D4BC210EC4CF00F3B7F2 /* NewsViewCell.swift */,
			);
			path = Views;
			sourceTree = "<group>";
		};
		CA42D4B7210EBD2400F3B7F2 /* Layout */ = {
			isa = PBXGroup;
			children = (
			);
			path = Layout;
			sourceTree = "<group>";
		};
/* End PBXGroup section */

/* Begin PBXNativeTarget section */
		CA42D49D210E32D200F3B7F2 /* DiarioMock */ = {
			isa = PBXNativeTarget;
			buildConfigurationList = CA42D4B0210E32D700F3B7F2 /* Build configuration list for PBXNativeTarget "DiarioMock" */;
			buildPhases = (
				CA42D49A210E32D200F3B7F2 /* Sources */,
				CA42D49B210E32D200F3B7F2 /* Frameworks */,
				CA42D49C210E32D200F3B7F2 /* Resources */,
			);
			buildRules = (
			);
			dependencies = (
			);
			name = DiarioMock;
			productName = DiarioMock;
			productReference = CA42D49E210E32D200F3B7F2 /* DiarioMock.app */;
			productType = "com.apple.product-type.application";
		};
/* End PBXNativeTarget section */

/* Begin PBXProject section */
		CA42D496210E32D200F3B7F2 /* Project object */ = {
			isa = PBXProject;
			attributes = {
				LastSwiftUpdateCheck = 0940;
				LastUpgradeCheck = 0940;
				ORGANIZATIONNAME = carlosdelamora;
				TargetAttributes = {
					CA42D49D210E32D200F3B7F2 = {
						CreatedOnToolsVersion = 9.4.1;
					};
				};
			};
			buildConfigurationList = CA42D499210E32D200F3B7F2 /* Build configuration list for PBXProject "DiarioMock" */;
			compatibilityVersion = "Xcode 9.3";
			developmentRegion = en;
			hasScannedForEncodings = 0;
			knownRegions = (
				en,
				Base,
			);
			mainGroup = CA42D495210E32D200F3B7F2;
			productRefGroup = CA42D49F210E32D200F3B7F2 /* Products */;
			projectDirPath = "";
			projectRoot = "";
			targets = (
				CA42D49D210E32D200F3B7F2 /* DiarioMock */,
			);
		};
/* End PBXProject section */

/* Begin PBXResourcesBuildPhase section */
		CA42D49C210E32D200F3B7F2 /* Resources */ = {
			isa = PBXResourcesBuildPhase;
			buildActionMask = 2147483647;
			files = (
				CA42D4AC210E32D700F3B7F2 /* LaunchScreen.storyboard in Resources */,
				CA42D4A9210E32D700F3B7F2 /* Assets.xcassets in Resources */,
				CA42D4A7210E32D200F3B7F2 /* Main.storyboard in Resources */,
			);
			runOnlyForDeploymentPostprocessing = 0;
		};
/* End PBXResourcesBuildPhase section */

/* Begin PBXSourcesBuildPhase section */
		CA42D49A210E32D200F3B7F2 /* Sources */ = {
			isa = PBXSourcesBuildPhase;
			buildActionMask = 2147483647;
			files = (
				CA42D4B5210EAF2A00F3B7F2 /* PrincipalCollectionViewController.swift in Sources */,
				CA42D4BB210EC0DB00F3B7F2 /* PhotoReusableView.swift in Sources */,
				CA42D4BF210ED13F00F3B7F2 /* CustomNavigationViewController.swift in Sources */,
				CA42D4A4210E32D200F3B7F2 /* InitialViewController.swift in Sources */,
				CA42D4BD210EC4CF00F3B7F2 /* NewsViewCell.swift in Sources */,
				CA42D4B9210EC02700F3B7F2 /* GradientView.swift in Sources */,
				CA42D4A2210E32D200F3B7F2 /* AppDelegate.swift in Sources */,
			);
			runOnlyForDeploymentPostprocessing = 0;
		};
/* End PBXSourcesBuildPhase section */

/* Begin PBXVariantGroup section */
		CA42D4A5210E32D200F3B7F2 /* Main.storyboard */ = {
			isa = PBXVariantGroup;
			children = (
				CA42D4A6210E32D200F3B7F2 /* Base */,
			);
			name = Main.storyboard;
			sourceTree = "<group>";
		};
		CA42D4AA210E32D700F3B7F2 /* LaunchScreen.storyboard */ = {
			isa = PBXVariantGroup;
			children = (
				CA42D4AB210E32D700F3B7F2 /* Base */,
			);
			name = LaunchScreen.storyboard;
			sourceTree = "<group>";
		};
/* End PBXVariantGroup section */

/* Begin XCBuildConfiguration section */
		CA42D4AE210E32D700F3B7F2 /* Debug */ = {
			isa = XCBuildConfiguration;
			buildSettings = {
				ALWAYS_SEARCH_USER_PATHS = NO;
				CLANG_ANALYZER_NONNULL = YES;
				CLANG_ANALYZER_NUMBER_OBJECT_CONVERSION = YES_AGGRESSIVE;
				CLANG_CXX_LANGUAGE_STANDARD = "gnu++14";
				CLANG_CXX_LIBRARY = "libc++";
				CLANG_ENABLE_MODULES = YES;
				CLANG_ENABLE_OBJC_ARC = YES;
				CLANG_ENABLE_OBJC_WEAK = YES;
				CLANG_WARN_BLOCK_CAPTURE_AUTORELEASING = YES;
				CLANG_WARN_BOOL_CONVERSION = YES;
				CLANG_WARN_COMMA = YES;
				CLANG_WARN_CONSTANT_CONVERSION = YES;
				CLANG_WARN_DEPRECATED_OBJC_IMPLEMENTATIONS = YES;
				CLANG_WARN_DIRECT_OBJC_ISA_USAGE = YES_ERROR;
				CLANG_WARN_DOCUMENTATION_COMMENTS = YES;
				CLANG_WARN_EMPTY_BODY = YES;
				CLANG_WARN_ENUM_CONVERSION = YES;
				CLANG_WARN_INFINITE_RECURSION = YES;
				CLANG_WARN_INT_CONVERSION = YES;
				CLANG_WARN_NON_LITERAL_NULL_CONVERSION = YES;
				CLANG_WARN_OBJC_IMPLICIT_RETAIN_SELF = YES;
				CLANG_WARN_OBJC_LITERAL_CONVERSION = YES;
				CLANG_WARN_OBJC_ROOT_CLASS = YES_ERROR;
				CLANG_WARN_RANGE_LOOP_ANALYSIS = YES;
				CLANG_WARN_STRICT_PROTOTYPES = YES;
				CLANG_WARN_SUSPICIOUS_MOVE = YES;
				CLANG_WARN_UNGUARDED_AVAILABILITY = YES_AGGRESSIVE;
				CLANG_WARN_UNREACHABLE_CODE = YES;
				CLANG_WARN__DUPLICATE_METHOD_MATCH = YES;
				CODE_SIGN_IDENTITY = "iPhone Developer";
				COPY_PHASE_STRIP = NO;
				DEBUG_INFORMATION_FORMAT = dwarf;
				ENABLE_STRICT_OBJC_MSGSEND = YES;
				ENABLE_TESTABILITY = YES;
				GCC_C_LANGUAGE_STANDARD = gnu11;
				GCC_DYNAMIC_NO_PIC = NO;
				GCC_NO_COMMON_BLOCKS = YES;
				GCC_OPTIMIZATION_LEVEL = 0;
				GCC_PREPROCESSOR_DEFINITIONS = (
					"DEBUG=1",
					"$(inherited)",
				);
				GCC_WARN_64_TO_32_BIT_CONVERSION = YES;
				GCC_WARN_ABOUT_RETURN_TYPE = YES_ERROR;
				GCC_WARN_UNDECLARED_SELECTOR = YES;
				GCC_WARN_UNINITIALIZED_AUTOS = YES_AGGRESSIVE;
				GCC_WARN_UNUSED_FUNCTION = YES;
				GCC_WARN_UNUSED_VARIABLE = YES;
				IPHONEOS_DEPLOYMENT_TARGET = 11.4;
				MTL_ENABLE_DEBUG_INFO = YES;
				ONLY_ACTIVE_ARCH = YES;
				SDKROOT = iphoneos;
				SWIFT_ACTIVE_COMPILATION_CONDITIONS = DEBUG;
				SWIFT_OPTIMIZATION_LEVEL = "-Onone";
			};
			name = Debug;
		};
		CA42D4AF210E32D700F3B7F2 /* Release */ = {
			isa = XCBuildConfiguration;
			buildSettings = {
				ALWAYS_SEARCH_USER_PATHS = NO;
				CLANG_ANALYZER_NONNULL = YES;
				CLANG_ANALYZER_NUMBER_OBJECT_CONVERSION = YES_AGGRESSIVE;
				CLANG_CXX_LANGUAGE_STANDARD = "gnu++14";
				CLANG_CXX_LIBRARY = "libc++";
				CLANG_ENABLE_MODULES = YES;
				CLANG_ENABLE_OBJC_ARC = YES;
				CLANG_ENABLE_OBJC_WEAK = YES;
				CLANG_WARN_BLOCK_CAPTURE_AUTORELEASING = YES;
				CLANG_WARN_BOOL_CONVERSION = YES;
				CLANG_WARN_COMMA = YES;
				CLANG_WARN_CONSTANT_CONVERSION = YES;
				CLANG_WARN_DEPRECATED_OBJC_IMPLEMENTATIONS = YES;
				CLANG_WARN_DIRECT_OBJC_ISA_USAGE = YES_ERROR;
				CLANG_WARN_DOCUMENTATION_COMMENTS = YES;
				CLANG_WARN_EMPTY_BODY = YES;
				CLANG_WARN_ENUM_CONVERSION = YES;
				CLANG_WARN_INFINITE_RECURSION = YES;
				CLANG_WARN_INT_CONVERSION = YES;
				CLANG_WARN_NON_LITERAL_NULL_CONVERSION = YES;
				CLANG_WARN_OBJC_IMPLICIT_RETAIN_SELF = YES;
				CLANG_WARN_OBJC_LITERAL_CONVERSION = YES;
				CLANG_WARN_OBJC_ROOT_CLASS = YES_ERROR;
				CLANG_WARN_RANGE_LOOP_ANALYSIS = YES;
				CLANG_WARN_STRICT_PROTOTYPES = YES;
				CLANG_WARN_SUSPICIOUS_MOVE = YES;
				CLANG_WARN_UNGUARDED_AVAILABILITY = YES_AGGRESSIVE;
				CLANG_WARN_UNREACHABLE_CODE = YES;
				CLANG_WARN__DUPLICATE_METHOD_MATCH = YES;
				CODE_SIGN_IDENTITY = "iPhone Developer";
				COPY_PHASE_STRIP = NO;
				DEBUG_INFORMATION_FORMAT = "dwarf-with-dsym";
				ENABLE_NS_ASSERTIONS = NO;
				ENABLE_STRICT_OBJC_MSGSEND = YES;
				GCC_C_LANGUAGE_STANDARD = gnu11;
				GCC_NO_COMMON_BLOCKS = YES;
				GCC_WARN_64_TO_32_BIT_CONVERSION = YES;
				GCC_WARN_ABOUT_RETURN_TYPE = YES_ERROR;
				GCC_WARN_UNDECLARED_SELECTOR = YES;
				GCC_WARN_UNINITIALIZED_AUTOS = YES_AGGRESSIVE;
				GCC_WARN_UNUSED_FUNCTION = YES;
				GCC_WARN_UNUSED_VARIABLE = YES;
				IPHONEOS_DEPLOYMENT_TARGET = 11.4;
				MTL_ENABLE_DEBUG_INFO = NO;
				SDKROOT = iphoneos;
				SWIFT_COMPILATION_MODE = wholemodule;
				SWIFT_OPTIMIZATION_LEVEL = "-O";
				VALIDATE_PRODUCT = YES;
			};
			name = Release;
		};
		CA42D4B1210E32D700F3B7F2 /* Debug */ = {
			isa = XCBuildConfiguration;
			buildSettings = {
				ASSETCATALOG_COMPILER_APPICON_NAME = AppIcon;
				CODE_SIGN_STYLE = Automatic;
				DEVELOPMENT_TEAM = 5PRK9NET39;
				INFOPLIST_FILE = DiarioMock/Info.plist;
				LD_RUNPATH_SEARCH_PATHS = (
					"$(inherited)",
					"@executable_path/Frameworks",
				);
				PRODUCT_BUNDLE_IDENTIFIER = com.carlosDelaMora.DiarioMock;
				PRODUCT_NAME = "$(TARGET_NAME)";
				SWIFT_VERSION = 4.0;
				TARGETED_DEVICE_FAMILY = "1,2";
			};
			name = Debug;
		};
		CA42D4B2210E32D700F3B7F2 /* Release */ = {
			isa = XCBuildConfiguration;
			buildSettings = {
				ASSETCATALOG_COMPILER_APPICON_NAME = AppIcon;
				CODE_SIGN_STYLE = Automatic;
				DEVELOPMENT_TEAM = 5PRK9NET39;
				INFOPLIST_FILE = DiarioMock/Info.plist;
				LD_RUNPATH_SEARCH_PATHS = (
					"$(inherited)",
					"@executable_path/Frameworks",
				);
				PRODUCT_BUNDLE_IDENTIFIER = com.carlosDelaMora.DiarioMock;
				PRODUCT_NAME = "$(TARGET_NAME)";
				SWIFT_VERSION = 4.0;
				TARGETED_DEVICE_FAMILY = "1,2";
			};
			name = Release;
		};
/* End XCBuildConfiguration section */

/* Begin XCConfigurationList section */
		CA42D499210E32D200F3B7F2 /* Build configuration list for PBXProject "DiarioMock" */ = {
			isa = XCConfigurationList;
			buildConfigurations = (
				CA42D4AE210E32D700F3B7F2 /* Debug */,
				CA42D4AF210E32D700F3B7F2 /* Release */,
			);
			defaultConfigurationIsVisible = 0;
			defaultConfigurationName = Release;
		};
		CA42D4B0210E32D700F3B7F2 /* Build configuration list for PBXNativeTarget "DiarioMock" */ = {
			isa = XCConfigurationList;
			buildConfigurations = (
				CA42D4B1210E32D700F3B7F2 /* Debug */,
				CA42D4B2210E32D700F3B7F2 /* Release */,
			);
			defaultConfigurationIsVisible = 0;
			defaultConfigurationName = Release;
		};
/* End XCConfigurationList section */
	};
	rootObject = CA42D496210E32D200F3B7F2 /* Project object */;
}
